
Microsoft Visual Studio Solution File, Format Version 12.00
# Visual Studio Version 17
VisualStudioVersion = 17.3.32922.545
MinimumVisualStudioVersion = 10.0.40219.1
Project("{9A19103F-16F7-4668-BE54-9A1E7A4F7556}") = "BrowseTunnel", "BrowseTunnel\BrowseTunnel.csproj", "{6F597A17-01BC-44C6-B9B7-EC318CD0869D}"
EndProject
Project("{2150E333-8FDC-42A3-9474-1A3956D46DE8}") = "SolutionFiles", "SolutionFiles", "{C3005EDF-A310-4DE0-A4F5-AC95933C061B}"
	ProjectSection(SolutionItems) = preProject
		.circleci\config.yml = .circleci\config.yml
	EndProjectSection
EndProject
Global
	GlobalSection(SolutionConfigurationPlatforms) = preSolution
		Debug|Any CPU = Debug|Any CPU
		Release|Any CPU = Release|Any CPU
	EndGlobalSection
	GlobalSection(ProjectConfigurationPlatforms) = postSolution
		{6F597A17-01BC-44C6-B9B7-EC318CD0869D}.Debug|Any CPU.ActiveCfg = Debug|Any CPU
		{6F597A17-01BC-44C6-B9B7-EC318CD0869D}.Debug|Any CPU.Build.0 = Debug|Any CPU
		{6F597A17-01BC-44C6-B9B7-EC318CD0869D}.Release|Any CPU.ActiveCfg = Release|Any CPU
		{6F597A17-01BC-44C6-B9B7-EC318CD0869D}.Release|Any CPU.Build.0 = Release|Any CPU
	EndGlobalSection
	GlobalSection(SolutionProperties) = preSolution
		HideSolutionNode = FALSE
	EndGlobalSection
	GlobalSection(ExtensibilityGlobals) = postSolution
		SolutionGuid = {54CCAAE3-4B5B-466E-B415-E58933E16053}
	EndGlobalSection
EndGlobal
